
Microsoft Visual Studio Solution File, Format Version 12.00
# Visual Studio Version 16
VisualStudioVersion = 16.0.28922.388
MinimumVisualStudioVersion = 10.0.40219.1
Project("{FAE04EC0-301F-11D3-BF4B-00C04F79EFBC}") = "CareerCloud.Pocos", "CareerCloud.Pocos\CareerCloud.Pocos.csproj", "{F01487C5-6BED-4052-AE7D-73BF5762862B}"
EndProject
Project("{FAE04EC0-301F-11D3-BF4B-00C04F79EFBC}") = "CareerCloud.UnitTests.Assignment1", "CareerCloud.UnitTests.Assignment1\CareerCloud.UnitTests.Assignment1.csproj", "{0EF4F160-68B1-491A-925F-064D66EC3283}"
EndProject
Project("{FAE04EC0-301F-11D3-BF4B-00C04F79EFBC}") = "CareerCloud.DataAccessLayer", "CareerCloud.DataAccessLayer\CareerCloud.DataAccessLayer.csproj", "{A20538BF-194F-4510-A8D2-ABCFF1358567}"
EndProject
Project("{FAE04EC0-301F-11D3-BF4B-00C04F79EFBC}") = "CareerCloud.ADODataAccessLayer", "CareerCloud.ADODataAccessLayer\CareerCloud.ADODataAccessLayer.csproj", "{58D88FBA-C245-4F28-9285-B9BE7B3D4D3B}"
EndProject
Project("{FAE04EC0-301F-11D3-BF4B-00C04F79EFBC}") = "CareerCloud.UnitTests.Assignment2", "CareerCloud.UnitTests.Assignment2\CareerCloud.UnitTests.Assignment2.csproj", "{6E68DDCD-CDB9-4ABF-8DF3-57AE31F474E3}"
EndProject
Project("{FAE04EC0-301F-11D3-BF4B-00C04F79EFBC}") = "CareerCloud.BusinessLogicLayer", "CareerCloud.BusinessLogicLayer\CareerCloud.BusinessLogicLayer.csproj", "{54EFC55D-D7EC-4BE8-917C-BF1ECD38F6FD}"
EndProject
Project("{FAE04EC0-301F-11D3-BF4B-00C04F79EFBC}") = "CareerCloud.UnitTests.Assignment3", "..\CareerCloud.UnitTests.Assignment3\CareerCloud.UnitTests.Assignment3\CareerCloud.UnitTests.Assignment3.csproj", "{2D394F6A-C67B-4127-895E-8F6812942AC5}"
EndProject
Global
	GlobalSection(SolutionConfigurationPlatforms) = preSolution
		Debug|Any CPU = Debug|Any CPU
		Release|Any CPU = Release|Any CPU
	EndGlobalSection
	GlobalSection(ProjectConfigurationPlatforms) = postSolution
		{F01487C5-6BED-4052-AE7D-73BF5762862B}.Debug|Any CPU.ActiveCfg = Debug|Any CPU
		{F01487C5-6BED-4052-AE7D-73BF5762862B}.Debug|Any CPU.Build.0 = Debug|Any CPU
		{F01487C5-6BED-4052-AE7D-73BF5762862B}.Release|Any CPU.ActiveCfg = Release|Any CPU
		{F01487C5-6BED-4052-AE7D-73BF5762862B}.Release|Any CPU.Build.0 = Release|Any CPU
		{0EF4F160-68B1-491A-925F-064D66EC3283}.Debug|Any CPU.ActiveCfg = Debug|Any CPU
		{0EF4F160-68B1-491A-925F-064D66EC3283}.Debug|Any CPU.Build.0 = Debug|Any CPU
		{0EF4F160-68B1-491A-925F-064D66EC3283}.Release|Any CPU.ActiveCfg = Release|Any CPU
		{0EF4F160-68B1-491A-925F-064D66EC3283}.Release|Any CPU.Build.0 = Release|Any CPU
		{A20538BF-194F-4510-A8D2-ABCFF1358567}.Debug|Any CPU.ActiveCfg = Debug|Any CPU
		{A20538BF-194F-4510-A8D2-ABCFF1358567}.Debug|Any CPU.Build.0 = Debug|Any CPU
		{A20538BF-194F-4510-A8D2-ABCFF1358567}.Release|Any CPU.ActiveCfg = Release|Any CPU
		{A20538BF-194F-4510-A8D2-ABCFF1358567}.Release|Any CPU.Build.0 = Release|Any CPU
		{58D88FBA-C245-4F28-9285-B9BE7B3D4D3B}.Debug|Any CPU.ActiveCfg = Debug|Any CPU
		{58D88FBA-C245-4F28-9285-B9BE7B3D4D3B}.Debug|Any CPU.Build.0 = Debug|Any CPU
		{58D88FBA-C245-4F28-9285-B9BE7B3D4D3B}.Release|Any CPU.ActiveCfg = Release|Any CPU
		{58D88FBA-C245-4F28-9285-B9BE7B3D4D3B}.Release|Any CPU.Build.0 = Release|Any CPU
		{6E68DDCD-CDB9-4ABF-8DF3-57AE31F474E3}.Debug|Any CPU.ActiveCfg = Debug|Any CPU
		{6E68DDCD-CDB9-4ABF-8DF3-57AE31F474E3}.Debug|Any CPU.Build.0 = Debug|Any CPU
		{6E68DDCD-CDB9-4ABF-8DF3-57AE31F474E3}.Release|Any CPU.ActiveCfg = Release|Any CPU
		{6E68DDCD-CDB9-4ABF-8DF3-57AE31F474E3}.Release|Any CPU.Build.0 = Release|Any CPU
		{54EFC55D-D7EC-4BE8-917C-BF1ECD38F6FD}.Debug|Any CPU.ActiveCfg = Debug|Any CPU
		{54EFC55D-D7EC-4BE8-917C-BF1ECD38F6FD}.Debug|Any CPU.Build.0 = Debug|Any CPU
		{54EFC55D-D7EC-4BE8-917C-BF1ECD38F6FD}.Release|Any CPU.ActiveCfg = Release|Any CPU
		{54EFC55D-D7EC-4BE8-917C-BF1ECD38F6FD}.Release|Any CPU.Build.0 = Release|Any CPU
		{2D394F6A-C67B-4127-895E-8F6812942AC5}.Debug|Any CPU.ActiveCfg = Debug|Any CPU
		{2D394F6A-C67B-4127-895E-8F6812942AC5}.Debug|Any CPU.Build.0 = Debug|Any CPU
		{2D394F6A-C67B-4127-895E-8F6812942AC5}.Release|Any CPU.ActiveCfg = Release|Any CPU
		{2D394F6A-C67B-4127-895E-8F6812942AC5}.Release|Any CPU.Build.0 = Release|Any CPU
	EndGlobalSection
	GlobalSection(SolutionProperties) = preSolution
		HideSolutionNode = FALSE
	EndGlobalSection
	GlobalSection(ExtensibilityGlobals) = postSolution
		SolutionGuid = {10B140C6-1AC7-41E0-8598-BC48CD2A0760}
	EndGlobalSection
EndGlobal
